
Microsoft Visual Studio Solution File, Format Version 12.00
Project("{FAE04EC0-301F-11D3-BF4B-00C04F79EFBC}") = "Calculator", "Calculator\Calculator.csproj", "{62057DBE-B0AB-4D53-AEBD-21A83A00F02D}"
EndProject
Project("{FAE04EC0-301F-11D3-BF4B-00C04F79EFBC}") = "TestProject1", "TestProject1\TestProject1.csproj", "{9F7FFCDD-4C48-45E6-8C70-C8ADF038A21D}"
EndProject
Project("{FAE04EC0-301F-11D3-BF4B-00C04F79EFBC}") = "SyntaxAnalyze", "SyntaxAnalyze\SyntaxAnalyze.csproj", "{1FCC05A4-8878-412E-9EB1-E85EE27CC335}"
EndProject
Project("{FAE04EC0-301F-11D3-BF4B-00C04F79EFBC}") = "TestProject2", "TestProject2\TestProject2.csproj", "{3C03F8F7-3BF2-4183-BCCA-45A8440ED4D7}"
EndProject
Project("{FAE04EC0-301F-11D3-BF4B-00C04F79EFBC}") = "API", "API\API.csproj", "{49911868-1E1F-4592-8B15-C469CAD4237C}"
EndProject
Global
	GlobalSection(SolutionConfigurationPlatforms) = preSolution
		Debug|Any CPU = Debug|Any CPU
		Release|Any CPU = Release|Any CPU
	EndGlobalSection
	GlobalSection(ProjectConfigurationPlatforms) = postSolution
		{62057DBE-B0AB-4D53-AEBD-21A83A00F02D}.Debug|Any CPU.ActiveCfg = Debug|Any CPU
		{62057DBE-B0AB-4D53-AEBD-21A83A00F02D}.Debug|Any CPU.Build.0 = Debug|Any CPU
		{62057DBE-B0AB-4D53-AEBD-21A83A00F02D}.Release|Any CPU.ActiveCfg = Release|Any CPU
		{62057DBE-B0AB-4D53-AEBD-21A83A00F02D}.Release|Any CPU.Build.0 = Release|Any CPU
		{9F7FFCDD-4C48-45E6-8C70-C8ADF038A21D}.Debug|Any CPU.ActiveCfg = Debug|Any CPU
		{9F7FFCDD-4C48-45E6-8C70-C8ADF038A21D}.Debug|Any CPU.Build.0 = Debug|Any CPU
		{9F7FFCDD-4C48-45E6-8C70-C8ADF038A21D}.Release|Any CPU.ActiveCfg = Release|Any CPU
		{9F7FFCDD-4C48-45E6-8C70-C8ADF038A21D}.Release|Any CPU.Build.0 = Release|Any CPU
		{1FCC05A4-8878-412E-9EB1-E85EE27CC335}.Debug|Any CPU.ActiveCfg = Debug|Any CPU
		{1FCC05A4-8878-412E-9EB1-E85EE27CC335}.Debug|Any CPU.Build.0 = Debug|Any CPU
		{1FCC05A4-8878-412E-9EB1-E85EE27CC335}.Release|Any CPU.ActiveCfg = Release|Any CPU
		{1FCC05A4-8878-412E-9EB1-E85EE27CC335}.Release|Any CPU.Build.0 = Release|Any CPU
		{3C03F8F7-3BF2-4183-BCCA-45A8440ED4D7}.Debug|Any CPU.ActiveCfg = Debug|Any CPU
		{3C03F8F7-3BF2-4183-BCCA-45A8440ED4D7}.Debug|Any CPU.Build.0 = Debug|Any CPU
		{3C03F8F7-3BF2-4183-BCCA-45A8440ED4D7}.Release|Any CPU.ActiveCfg = Release|Any CPU
		{3C03F8F7-3BF2-4183-BCCA-45A8440ED4D7}.Release|Any CPU.Build.0 = Release|Any CPU
		{49911868-1E1F-4592-8B15-C469CAD4237C}.Debug|Any CPU.ActiveCfg = Debug|Any CPU
		{49911868-1E1F-4592-8B15-C469CAD4237C}.Debug|Any CPU.Build.0 = Debug|Any CPU
		{49911868-1E1F-4592-8B15-C469CAD4237C}.Release|Any CPU.ActiveCfg = Release|Any CPU
		{49911868-1E1F-4592-8B15-C469CAD4237C}.Release|Any CPU.Build.0 = Release|Any CPU
	EndGlobalSection
EndGlobal
